
Microsoft Visual Studio Solution File, Format Version 12.00
# Visual Studio Version 16
VisualStudioVersion = 16.0.810.19
MinimumVisualStudioVersion = 10.0.40219.1
Project("{FAE04EC0-301F-11D3-BF4B-00C04F79EFBC}") = "HometasksCsValueReferenceTypes", "HometasksCsValueReferenceTypes\HometasksCsValueReferenceTypes.csproj", "{AA998A8A-5E90-4808-8305-51318B8EEAC7}"
EndProject
Global
	GlobalSection(SolutionConfigurationPlatforms) = preSolution
		Debug|Any CPU = Debug|Any CPU
		Release|Any CPU = Release|Any CPU
	EndGlobalSection
	GlobalSection(ProjectConfigurationPlatforms) = postSolution
		{AA998A8A-5E90-4808-8305-51318B8EEAC7}.Debug|Any CPU.ActiveCfg = Debug|Any CPU
		{AA998A8A-5E90-4808-8305-51318B8EEAC7}.Debug|Any CPU.Build.0 = Debug|Any CPU
		{AA998A8A-5E90-4808-8305-51318B8EEAC7}.Release|Any CPU.ActiveCfg = Release|Any CPU
		{AA998A8A-5E90-4808-8305-51318B8EEAC7}.Release|Any CPU.Build.0 = Release|Any CPU
	EndGlobalSection
	GlobalSection(SolutionProperties) = preSolution
		HideSolutionNode = FALSE
	EndGlobalSection
	GlobalSection(ExtensibilityGlobals) = postSolution
		SolutionGuid = {42EC06A0-5DBF-4F0E-8468-3493F995B2FD}
	EndGlobalSection
EndGlobal
